
Microsoft Visual Studio Solution File, Format Version 12.00
# Visual Studio Version 17
VisualStudioVersion = 17.7.33711.374
MinimumVisualStudioVersion = 10.0.40219.1
Project("{2150E333-8FDC-42A3-9474-1A3956D46DE8}") = "Solution Items", "Solution Items", "{9C931198-7883-4C5A-BD53-AC70C4779FD6}"
	ProjectSection(SolutionItems) = preProject
		.editorconfig = .editorconfig
		Performance1.psess = Performance1.psess
	EndProjectSection
EndProject
Project("{9A19103F-16F7-4668-BE54-9A1E7A4F7556}") = "FloppyControlApp", "WindowsFormsApplication2\FloppyControlApp.csproj", "{246C6F15-9844-4466-A300-CE6E1F82816B}"
EndProject
Project("{FAE04EC0-301F-11D3-BF4B-00C04F79EFBC}") = "FloppyControl.Test.net7", "FloppyControl.Test.net7\FloppyControl.Test.net7.csproj", "{2675BB86-8D54-4302-951C-BDF3444E608E}"
EndProject
Global
	GlobalSection(SolutionConfigurationPlatforms) = preSolution
		Debug|Any CPU = Debug|Any CPU
		Debug|ARM = Debug|ARM
		Debug|x64 = Debug|x64
		Debug|x86 = Debug|x86
		Release|Any CPU = Release|Any CPU
		Release|ARM = Release|ARM
		Release|x64 = Release|x64
		Release|x86 = Release|x86
		Release2|Any CPU = Release2|Any CPU
		Release2|ARM = Release2|ARM
		Release2|x64 = Release2|x64
		Release2|x86 = Release2|x86
	EndGlobalSection
	GlobalSection(ProjectConfigurationPlatforms) = postSolution
		{246C6F15-9844-4466-A300-CE6E1F82816B}.Debug|Any CPU.ActiveCfg = Debug|x64
		{246C6F15-9844-4466-A300-CE6E1F82816B}.Debug|Any CPU.Build.0 = Debug|x64
		{246C6F15-9844-4466-A300-CE6E1F82816B}.Debug|ARM.ActiveCfg = Debug|x64
		{246C6F15-9844-4466-A300-CE6E1F82816B}.Debug|ARM.Build.0 = Debug|x64
		{246C6F15-9844-4466-A300-CE6E1F82816B}.Debug|x64.ActiveCfg = Debug|x64
		{246C6F15-9844-4466-A300-CE6E1F82816B}.Debug|x64.Build.0 = Debug|x64
		{246C6F15-9844-4466-A300-CE6E1F82816B}.Debug|x86.ActiveCfg = Debug|x64
		{246C6F15-9844-4466-A300-CE6E1F82816B}.Release|Any CPU.ActiveCfg = Release2|x64
		{246C6F15-9844-4466-A300-CE6E1F82816B}.Release|Any CPU.Build.0 = Release2|x64
		{246C6F15-9844-4466-A300-CE6E1F82816B}.Release|ARM.ActiveCfg = Release2|x64
		{246C6F15-9844-4466-A300-CE6E1F82816B}.Release|ARM.Build.0 = Release2|x64
		{246C6F15-9844-4466-A300-CE6E1F82816B}.Release|x64.ActiveCfg = Release2|x64
		{246C6F15-9844-4466-A300-CE6E1F82816B}.Release|x64.Build.0 = Release2|x64
		{246C6F15-9844-4466-A300-CE6E1F82816B}.Release|x86.ActiveCfg = Release2|x64
		{246C6F15-9844-4466-A300-CE6E1F82816B}.Release|x86.Build.0 = Release2|x64
		{246C6F15-9844-4466-A300-CE6E1F82816B}.Release2|Any CPU.ActiveCfg = Release2|x64
		{246C6F15-9844-4466-A300-CE6E1F82816B}.Release2|Any CPU.Build.0 = Release2|x64
		{246C6F15-9844-4466-A300-CE6E1F82816B}.Release2|ARM.ActiveCfg = Release2|x64
		{246C6F15-9844-4466-A300-CE6E1F82816B}.Release2|ARM.Build.0 = Release2|x64
		{246C6F15-9844-4466-A300-CE6E1F82816B}.Release2|x64.ActiveCfg = Release2|x64
		{246C6F15-9844-4466-A300-CE6E1F82816B}.Release2|x64.Build.0 = Release2|x64
		{246C6F15-9844-4466-A300-CE6E1F82816B}.Release2|x86.ActiveCfg = Release2|x64
		{2675BB86-8D54-4302-951C-BDF3444E608E}.Debug|Any CPU.ActiveCfg = Debug|Any CPU
		{2675BB86-8D54-4302-951C-BDF3444E608E}.Debug|Any CPU.Build.0 = Debug|Any CPU
		{2675BB86-8D54-4302-951C-BDF3444E608E}.Debug|ARM.ActiveCfg = Debug|Any CPU
		{2675BB86-8D54-4302-951C-BDF3444E608E}.Debug|ARM.Build.0 = Debug|Any CPU
		{2675BB86-8D54-4302-951C-BDF3444E608E}.Debug|x64.ActiveCfg = Debug|Any CPU
		{2675BB86-8D54-4302-951C-BDF3444E608E}.Debug|x64.Build.0 = Debug|Any CPU
		{2675BB86-8D54-4302-951C-BDF3444E608E}.Debug|x86.ActiveCfg = Debug|Any CPU
		{2675BB86-8D54-4302-951C-BDF3444E608E}.Debug|x86.Build.0 = Debug|Any CPU
		{2675BB86-8D54-4302-951C-BDF3444E608E}.Release|Any CPU.ActiveCfg = Release|Any CPU
		{2675BB86-8D54-4302-951C-BDF3444E608E}.Release|Any CPU.Build.0 = Release|Any CPU
		{2675BB86-8D54-4302-951C-BDF3444E608E}.Release|ARM.ActiveCfg = Release|Any CPU
		{2675BB86-8D54-4302-951C-BDF3444E608E}.Release|ARM.Build.0 = Release|Any CPU
		{2675BB86-8D54-4302-951C-BDF3444E608E}.Release|x64.ActiveCfg = Release|Any CPU
		{2675BB86-8D54-4302-951C-BDF3444E608E}.Release|x64.Build.0 = Release|Any CPU
		{2675BB86-8D54-4302-951C-BDF3444E608E}.Release|x86.ActiveCfg = Release|Any CPU
		{2675BB86-8D54-4302-951C-BDF3444E608E}.Release|x86.Build.0 = Release|Any CPU
		{2675BB86-8D54-4302-951C-BDF3444E608E}.Release2|Any CPU.ActiveCfg = Release|Any CPU
		{2675BB86-8D54-4302-951C-BDF3444E608E}.Release2|Any CPU.Build.0 = Release|Any CPU
		{2675BB86-8D54-4302-951C-BDF3444E608E}.Release2|ARM.ActiveCfg = Release|Any CPU
		{2675BB86-8D54-4302-951C-BDF3444E608E}.Release2|ARM.Build.0 = Release|Any CPU
		{2675BB86-8D54-4302-951C-BDF3444E608E}.Release2|x64.ActiveCfg = Release|Any CPU
		{2675BB86-8D54-4302-951C-BDF3444E608E}.Release2|x64.Build.0 = Release|Any CPU
		{2675BB86-8D54-4302-951C-BDF3444E608E}.Release2|x86.ActiveCfg = Release|Any CPU
		{2675BB86-8D54-4302-951C-BDF3444E608E}.Release2|x86.Build.0 = Release|Any CPU
	EndGlobalSection
	GlobalSection(SolutionProperties) = preSolution
		HideSolutionNode = FALSE
	EndGlobalSection
	GlobalSection(ExtensibilityGlobals) = postSolution
		SolutionGuid = {41999A61-9936-47E0-B9DE-F61E47B13EFA}
	EndGlobalSection
EndGlobal
